{
  "name": "personal-accountant",
  "lockfileVersion": 3,
  "requires": true,
  "packages": {
    "": {
      "dependencies": {
        "chartjs-plugin-autocolors": "^0.3.1"
      }
    },
    "node_modules/@kurkle/color": {
      "version": "0.3.4",
      "resolved": "https://registry.npmjs.org/@kurkle/color/-/color-0.3.4.tgz",
      "integrity": "sha512-M5UknZPHRu3DEDWoipU6sE8PdkZ6Z/S+v4dD+Ke8IaNlpdSQah50lz1KtcFBa2vsdOnwbbnxJwVM4wty6udA5w==",
      "license": "MIT",
      "peer": true
    },
    "node_modules/chart.js": {
      "version": "4.4.7",
      "resolved": "https://registry.npmjs.org/chart.js/-/chart.js-4.4.7.tgz",
      "integrity": "sha512-pwkcKfdzTMAU/+jNosKhNL2bHtJc/sSmYgVbuGTEDhzkrhmyihmP7vUc/5ZK9WopidMDHNe3Wm7jOd/WhuHWuw==",
      "license": "MIT",
      "peer": true,
      "dependencies": {
        "@kurkle/color": "^0.3.0"
      },
      "engines": {
        "pnpm": ">=8"
      }
    },
    "node_modules/chartjs-plugin-autocolors": {
      "version": "0.3.1",
      "resolved": "https://registry.npmjs.org/chartjs-plugin-autocolors/-/chartjs-plugin-autocolors-0.3.1.tgz",
      "integrity": "sha512-8FHemt0Ef5BM7kQimh4eAkCRFPBav4seUFi7nEaShX+DjZMU9V4LqEDgXNglKbnYTTn3QmoG4v9gyiQDUAk9WQ==",
      "license": "MIT",
      "peerDependencies": {
        "@kurkle/color": "^0.3.1",
        "chart.js": ">=2"
      }
    }
  }
}
